
Microsoft Visual Studio Solution File, Format Version 12.00
# Visual Studio Version 17
VisualStudioVersion = 17.7.34024.191
MinimumVisualStudioVersion = 10.0.40219.1
Project("{FAE04EC0-301F-11D3-BF4B-00C04F79EFBC}") = "MyContactProject", "MyContactProject.csproj", "{B531D232-6C41-4778-A565-DBC0F80838EE}"
EndProject
Global
	GlobalSection(SolutionConfigurationPlatforms) = preSolution
		Debug|Any CPU = Debug|Any CPU
		Release|Any CPU = Release|Any CPU
	EndGlobalSection
	GlobalSection(ProjectConfigurationPlatforms) = postSolution
		{B531D232-6C41-4778-A565-DBC0F80838EE}.Debug|Any CPU.ActiveCfg = Debug|Any CPU
		{B531D232-6C41-4778-A565-DBC0F80838EE}.Debug|Any CPU.Build.0 = Debug|Any CPU
		{B531D232-6C41-4778-A565-DBC0F80838EE}.Release|Any CPU.ActiveCfg = Release|Any CPU
		{B531D232-6C41-4778-A565-DBC0F80838EE}.Release|Any CPU.Build.0 = Release|Any CPU
	EndGlobalSection
	GlobalSection(SolutionProperties) = preSolution
		HideSolutionNode = FALSE
	EndGlobalSection
	GlobalSection(ExtensibilityGlobals) = postSolution
		SolutionGuid = {EBDD3FB7-1C5B-4E8D-BEBC-D6D1F18C8A2C}
	EndGlobalSection
EndGlobal
